
Microsoft Visual Studio Solution File, Format Version 12.00
# Visual Studio 2012
Project("{FAE04EC0-301F-11D3-BF4B-00C04F79EFBC}") = "WordProcessor", "WordProcessor\WordProcessor.csproj", "{B9894111-E90D-42B7-B5BC-6A746FC9C059}"
EndProject
Project("{FAE04EC0-301F-11D3-BF4B-00C04F79EFBC}") = "Demo", "Demo\Demo.csproj", "{034AD958-DBA7-4A6E-A544-904B071ADBF2}"
EndProject
Global
	GlobalSection(SolutionConfigurationPlatforms) = preSolution
		Debug|Any CPU = Debug|Any CPU
		Release|Any CPU = Release|Any CPU
	EndGlobalSection
	GlobalSection(ProjectConfigurationPlatforms) = postSolution
		{B9894111-E90D-42B7-B5BC-6A746FC9C059}.Debug|Any CPU.ActiveCfg = Debug|Any CPU
		{B9894111-E90D-42B7-B5BC-6A746FC9C059}.Debug|Any CPU.Build.0 = Debug|Any CPU
		{B9894111-E90D-42B7-B5BC-6A746FC9C059}.Release|Any CPU.ActiveCfg = Release|Any CPU
		{B9894111-E90D-42B7-B5BC-6A746FC9C059}.Release|Any CPU.Build.0 = Release|Any CPU
		{034AD958-DBA7-4A6E-A544-904B071ADBF2}.Debug|Any CPU.ActiveCfg = Debug|Any CPU
		{034AD958-DBA7-4A6E-A544-904B071ADBF2}.Debug|Any CPU.Build.0 = Debug|Any CPU
		{034AD958-DBA7-4A6E-A544-904B071ADBF2}.Release|Any CPU.ActiveCfg = Release|Any CPU
		{034AD958-DBA7-4A6E-A544-904B071ADBF2}.Release|Any CPU.Build.0 = Release|Any CPU
	EndGlobalSection
	GlobalSection(SolutionProperties) = preSolution
		HideSolutionNode = FALSE
	EndGlobalSection
EndGlobal
